
Microsoft Visual Studio Solution File, Format Version 12.00
# Visual Studio Version 17
VisualStudioVersion = 17.10.35013.160
MinimumVisualStudioVersion = 10.0.40219.1
Project("{FAE04EC0-301F-11D3-BF4B-00C04F79EFBC}") = "Home3_WPF", "Home3_WPF.csproj", "{8DBA06A9-9D91-4E94-9A2D-930C2D618A2D}"
EndProject
Global
	GlobalSection(SolutionConfigurationPlatforms) = preSolution
		Debug|Any CPU = Debug|Any CPU
		Release|Any CPU = Release|Any CPU
	EndGlobalSection
	GlobalSection(ProjectConfigurationPlatforms) = postSolution
		{8DBA06A9-9D91-4E94-9A2D-930C2D618A2D}.Debug|Any CPU.ActiveCfg = Debug|Any CPU
		{8DBA06A9-9D91-4E94-9A2D-930C2D618A2D}.Debug|Any CPU.Build.0 = Debug|Any CPU
		{8DBA06A9-9D91-4E94-9A2D-930C2D618A2D}.Release|Any CPU.ActiveCfg = Release|Any CPU
		{8DBA06A9-9D91-4E94-9A2D-930C2D618A2D}.Release|Any CPU.Build.0 = Release|Any CPU
	EndGlobalSection
	GlobalSection(SolutionProperties) = preSolution
		HideSolutionNode = FALSE
	EndGlobalSection
	GlobalSection(ExtensibilityGlobals) = postSolution
		SolutionGuid = {3583F3BD-0312-4453-8792-2E35F24DA19E}
	EndGlobalSection
EndGlobal
